# This file is autogenerated, do not edit; changes may be undone by the next 'dep ensure'.


[[projects]]
  branch = "master"
  name = "github.com/alecthomas/template"
  packages = [".","parse"]
  revision = "a0175ee3bccc567396460bf5acd36800cb10c49c"

[[projects]]
  branch = "master"
  name = "github.com/alecthomas/units"
  packages = ["."]
  revision = "2efee857e7cfd4f3d0138cc3cbb1b4966962b93a"

[[projects]]
  name = "github.com/clipperhouse/fsnotify"
  packages = ["."]
  revision = "f582d920d11386e8ae15227bb5933a8f9b4c3dec"
  version = "v1.1.0"

[[projects]]
  branch = "master"
  name = "github.com/clipperhouse/gen"
  packages = ["."]
  revision = "a964fea0946e9883fdcd13ea7af1507638a6679d"

[[projects]]
  branch = "master"
  name = "github.com/clipperhouse/slice"
  packages = ["."]
  revision = "3ae82e00044e045370183e264317ec785b8f0da3"

[[projects]]
  branch = "master"
  name = "github.com/clipperhouse/stringer"
  packages = ["."]
  revision = "a8382ce6af9a129cab27e7595ef44a4c2b817360"

[[projects]]
  branch = "master"
  name = "github.com/clipperhouse/typewriter"
  packages = ["."]
  revision = "c1a48da378ebb7db1db9f35981b5cc24bf2e5b85"

[[projects]]
  name = "github.com/davecgh/go-spew"
  packages = ["spew"]
  revision = "346938d642f2ec3594ed81d874461961cd0faa76"
  version = "v1.1.0"

[[projects]]
  name = "github.com/pmezard/go-difflib"
  packages = ["difflib"]
  revision = "792786c7400a136282c1664665ae0a8db921c6c2"
  version = "v1.0.0"

[[projects]]
  name = "github.com/stretchr/testify"
  packages = ["assert"]
  revision = "69483b4bd14f5845b5a1e55bca19e954e827f1d0"
  version = "v1.1.4"

[[projects]]
  branch = "master"
  name = "golang.org/x/tools"
  packages = ["go/ast/astutil","go/gcimporter15","imports"]
  revision = "84a35ef54dff3c5596983e180ec10919fc432242"

[[projects]]
  name = "gopkg.in/alecthomas/kingpin.v2"
  packages = ["."]
  revision = "1087e65c9441605df944fb12c33f0fe7072d18ca"
  version = "v2.2.5"

[[projects]]
  branch = "v2"
  name = "gopkg.in/yaml.v2"
  packages = ["."]
  revision = "eb3733d160e74a9c7e442f435eb3bea458e1d19f"

[solve-meta]
  analyzer-name = "dep"
  analyzer-version = 1
  inputs-digest = "ae8c2d27edee2084288fd703e865b690bd3a81c0850d86058ee490437e9195bc"
  solver-name = "gps-cdcl"
  solver-version = 1
